
Microsoft Visual Studio Solution File, Format Version 12.00
# Visual Studio Version 16
VisualStudioVersion = 16.0.32228.343
MinimumVisualStudioVersion = 10.0.40219.1
Project("{FAE04EC0-301F-11D3-BF4B-00C04F79EFBC}") = "RomanNumeralsKata", "RomanNumeralsKata\RomanNumeralsKata.csproj", "{CD82A855-FE2F-4D18-AE33-41E84B0AEDF4}"
EndProject
Project("{FAE04EC0-301F-11D3-BF4B-00C04F79EFBC}") = "RomanNumeralsKata.Tests", "RomanNumeralsKata.Tests\RomanNumeralsKata.Tests.csproj", "{084AD3EF-8590-49B6-8738-E8BCF87C124A}"
EndProject
Global
	GlobalSection(SolutionConfigurationPlatforms) = preSolution
		Debug|Any CPU = Debug|Any CPU
		Release|Any CPU = Release|Any CPU
	EndGlobalSection
	GlobalSection(ProjectConfigurationPlatforms) = postSolution
		{CD82A855-FE2F-4D18-AE33-41E84B0AEDF4}.Debug|Any CPU.ActiveCfg = Debug|Any CPU
		{CD82A855-FE2F-4D18-AE33-41E84B0AEDF4}.Debug|Any CPU.Build.0 = Debug|Any CPU
		{CD82A855-FE2F-4D18-AE33-41E84B0AEDF4}.Release|Any CPU.ActiveCfg = Release|Any CPU
		{CD82A855-FE2F-4D18-AE33-41E84B0AEDF4}.Release|Any CPU.Build.0 = Release|Any CPU
		{084AD3EF-8590-49B6-8738-E8BCF87C124A}.Debug|Any CPU.ActiveCfg = Debug|Any CPU
		{084AD3EF-8590-49B6-8738-E8BCF87C124A}.Debug|Any CPU.Build.0 = Debug|Any CPU
		{084AD3EF-8590-49B6-8738-E8BCF87C124A}.Release|Any CPU.ActiveCfg = Release|Any CPU
		{084AD3EF-8590-49B6-8738-E8BCF87C124A}.Release|Any CPU.Build.0 = Release|Any CPU
	EndGlobalSection
	GlobalSection(SolutionProperties) = preSolution
		HideSolutionNode = FALSE
	EndGlobalSection
	GlobalSection(ExtensibilityGlobals) = postSolution
		SolutionGuid = {9D9E19E9-95C6-4361-879A-97735C5A0517}
	EndGlobalSection
EndGlobal
